github.com/blang/semver v3.5.1+incompatible h1:cQNTCjp13qL8KC3Nbxr/y2Bqb63oX6wdnnjpJbkM4JQ=
github.com/blang/semver v3.5.1+incompatible/go.mod h1:kRBLl5iJ+tD4TcOOxsy/0fnwebNt5EWlYSAyrTnjyyk=
github.com/dchest/uniuri v0.0.0-20160212164326-8902c56451e9 h1:74lLNRzvsdIlkTgfDSMuaPjBr4cf6k7pwQQANm/yLKU=
github.com/dchest/uniuri v0.0.0-20160212164326-8902c56451e9/go.mod h1:GgB8SF9nRG+GqaDtLcwJZsQFhcogVCJ79j4EdT0c2V4=
xojoc.pw/useragent v0.0.0-20170215185434-52903803fc66 h1:j5PlwzvW29USBoG/MvJPT5kDvX+0+lVLlOdnujOlN94=
xojoc.pw/useragent v0.0.0-20170215185434-52903803fc66/go.mod h1:71om/Qz9HbIEjbUrkrzmJiF26FSh6tcwqSFdBBkLtJQ=
